hash: dab91af946ff2f82c2dd72d606b8a76d6c14b9692c07ae2fd1d2c7c42e9fbaa4
updated: 2016-11-09T10:07:30.983437206-08:00
imports:
- name: github.com/codegangsta/cli
  version: bca61c476e3c752594983e4c9bcd5f62fb09f157
- name: github.com/go-sql-driver/mysql
  version: fb7299726d2e68745a8805b14f2ff44b5c2cfa84
- name: github.com/Sirupsen/logrus
  version: 418b41d23a1bf978c06faea5313ba194650ac088
- name: github.com/stretchr/testify
  version: 5ab65693f48b284b3f7a83114dd7b166b45f0193
  subpackages:
  - assert
testImports: []
