# This file is autogenerated, do not edit; changes may be undone by the next 'dep ensure'.


[[projects]]
  name = "github.com/Sirupsen/logrus"
  packages = ["."]
  revision = "418b41d23a1bf978c06faea5313ba194650ac088"
  version = "v0.8.7"

[[projects]]
  name = "github.com/codegangsta/cli"
  packages = ["."]
  revision = "bca61c476e3c752594983e4c9bcd5f62fb09f157"

[[projects]]
  name = "github.com/go-sql-driver/mysql"
  packages = ["."]
  revision = "fb7299726d2e68745a8805b14f2ff44b5c2cfa84"

[[projects]]
  name = "github.com/stretchr/testify"
  packages = ["assert"]
  revision = "5ab65693f48b284b3f7a83114dd7b166b45f0193"

[solve-meta]
  analyzer-name = "dep"
  analyzer-version = 1
  inputs-digest = "ceee00ed2a1860b07d8e248f9557ee3a110126279b73ea6f9853fc40862f0539"
  solver-name = "gps-cdcl"
  solver-version = 1
